
Microsoft Visual Studio Solution File, Format Version 12.00
# Visual Studio Version 17
VisualStudioVersion = 17.8.34322.80
MinimumVisualStudioVersion = 10.0.40219.1
Project("{9A19103F-16F7-4668-BE54-9A1E7A4F7556}") = "DllHandleTest", "DllHandleTest.csproj", "{C6777CCA-B7BE-4D45-9445-25594223C309}"
EndProject
Project("{FAE04EC0-301F-11D3-BF4B-00C04F79EFBC}") = "LotusCardDriverHandle4.8", "..\LotusCardDriverHandle4.8\LotusCardDriverHandle4.8.csproj", "{4D3BA134-11B2-41DC-8143-723423DD0B15}"
EndProject
Project("{FAE04EC0-301F-11D3-BF4B-00C04F79EFBC}") = "SCUCupBoardHandle4.8", "..\SCUCupBoardHandle4.8\SCUCupBoardHandle4.8.csproj", "{EA335B47-B1B2-42A2-92EE-43E2EC958789}"
EndProject
Project("{FAE04EC0-301F-11D3-BF4B-00C04F79EFBC}") = "BoardTCPHandle4.8", "..\BoardTCPHandle4.8\BoardTCPHandle4.8.csproj", "{8C061C7C-F7E0-4593-91C8-C0527E72A3FB}"
EndProject
Global
	GlobalSection(SolutionConfigurationPlatforms) = preSolution
		Debug|Any CPU = Debug|Any CPU
		Release|Any CPU = Release|Any CPU
	EndGlobalSection
	GlobalSection(ProjectConfigurationPlatforms) = postSolution
		{C6777CCA-B7BE-4D45-9445-25594223C309}.Debug|Any CPU.ActiveCfg = Debug|Any CPU
		{C6777CCA-B7BE-4D45-9445-25594223C309}.Debug|Any CPU.Build.0 = Debug|Any CPU
		{C6777CCA-B7BE-4D45-9445-25594223C309}.Release|Any CPU.ActiveCfg = Release|Any CPU
		{C6777CCA-B7BE-4D45-9445-25594223C309}.Release|Any CPU.Build.0 = Release|Any CPU
		{4D3BA134-11B2-41DC-8143-723423DD0B15}.Debug|Any CPU.ActiveCfg = Debug|Any CPU
		{4D3BA134-11B2-41DC-8143-723423DD0B15}.Debug|Any CPU.Build.0 = Debug|Any CPU
		{4D3BA134-11B2-41DC-8143-723423DD0B15}.Release|Any CPU.ActiveCfg = Release|Any CPU
		{4D3BA134-11B2-41DC-8143-723423DD0B15}.Release|Any CPU.Build.0 = Release|Any CPU
		{EA335B47-B1B2-42A2-92EE-43E2EC958789}.Debug|Any CPU.ActiveCfg = Debug|Any CPU
		{EA335B47-B1B2-42A2-92EE-43E2EC958789}.Debug|Any CPU.Build.0 = Debug|Any CPU
		{EA335B47-B1B2-42A2-92EE-43E2EC958789}.Release|Any CPU.ActiveCfg = Release|Any CPU
		{EA335B47-B1B2-42A2-92EE-43E2EC958789}.Release|Any CPU.Build.0 = Release|Any CPU
		{8C061C7C-F7E0-4593-91C8-C0527E72A3FB}.Debug|Any CPU.ActiveCfg = Debug|Any CPU
		{8C061C7C-F7E0-4593-91C8-C0527E72A3FB}.Debug|Any CPU.Build.0 = Debug|Any CPU
		{8C061C7C-F7E0-4593-91C8-C0527E72A3FB}.Release|Any CPU.ActiveCfg = Release|Any CPU
		{8C061C7C-F7E0-4593-91C8-C0527E72A3FB}.Release|Any CPU.Build.0 = Release|Any CPU
	EndGlobalSection
	GlobalSection(SolutionProperties) = preSolution
		HideSolutionNode = FALSE
	EndGlobalSection
	GlobalSection(ExtensibilityGlobals) = postSolution
		SolutionGuid = {2078BAAF-769F-49BF-B5E9-5321B1AF4366}
	EndGlobalSection
EndGlobal
